# THIS IS AN AUTOGENERATED FILE. DO NOT EDIT THIS FILE DIRECTLY.
# yarn lockfile v1


"@esbuild/aix-ppc64@0.24.0":
  version "0.24.0"
  resolved "https://registry.yarnpkg.com/@esbuild/aix-ppc64/-/aix-ppc64-0.24.0.tgz#b57697945b50e99007b4c2521507dc613d4a648c"
  integrity sha512-WtKdFM7ls47zkKHFVzMz8opM7LkcsIp9amDUBIAWirg70RM71WRSjdILPsY5Uv1D42ZpUfaPILDlfactHgsRkw==

"@esbuild/android-arm64@0.24.0":
  version "0.24.0"
  resolved "https://registry.yarnpkg.com/@esbuild/android-arm64/-/android-arm64-0.24.0.tgz#1add7e0af67acefd556e407f8497e81fddad79c0"
  integrity sha512-Vsm497xFM7tTIPYK9bNTYJyF/lsP590Qc1WxJdlB6ljCbdZKU9SY8i7+Iin4kyhV/KV5J2rOKsBQbB77Ab7L/w==

"@esbuild/android-arm@0.24.0":
  version "0.24.0"
  resolved "https://registry.yarnpkg.com/@esbuild/android-arm/-/android-arm-0.24.0.tgz#ab7263045fa8e090833a8e3c393b60d59a789810"
  integrity sha512-arAtTPo76fJ/ICkXWetLCc9EwEHKaeya4vMrReVlEIUCAUncH7M4bhMQ+M9Vf+FFOZJdTNMXNBrWwW+OXWpSew==

"@esbuild/android-x64@0.24.0":
  version "0.24.0"
  resolved "https://registry.yarnpkg.com/@esbuild/android-x64/-/android-x64-0.24.0.tgz#e8f8b196cfdfdd5aeaebbdb0110983460440e705"
  integrity sha512-t8GrvnFkiIY7pa7mMgJd7p8p8qqYIz1NYiAoKc75Zyv73L3DZW++oYMSHPRarcotTKuSs6m3hTOa5CKHaS02TQ==

"@esbuild/darwin-arm64@0.24.0":
  version "0.24.0"
  resolved "https://registry.yarnpkg.com/@esbuild/darwin-arm64/-/darwin-arm64-0.24.0.tgz#2d0d9414f2acbffd2d86e98253914fca603a53dd"
  integrity sha512-CKyDpRbK1hXwv79soeTJNHb5EiG6ct3efd/FTPdzOWdbZZfGhpbcqIpiD0+vwmpu0wTIL97ZRPZu8vUt46nBSw==

"@esbuild/darwin-x64@0.24.0":
  version "0.24.0"
  resolved "https://registry.yarnpkg.com/@esbuild/darwin-x64/-/darwin-x64-0.24.0.tgz#33087aab31a1eb64c89daf3d2cf8ce1775656107"
  integrity sha512-rgtz6flkVkh58od4PwTRqxbKH9cOjaXCMZgWD905JOzjFKW+7EiUObfd/Kav+A6Gyud6WZk9w+xu6QLytdi2OA==

"@esbuild/freebsd-arm64@0.24.0":
  version "0.24.0"
  resolved "https://registry.yarnpkg.com/@esbuild/freebsd-arm64/-/freebsd-arm64-0.24.0.tgz#bb76e5ea9e97fa3c753472f19421075d3a33e8a7"
  integrity sha512-6Mtdq5nHggwfDNLAHkPlyLBpE5L6hwsuXZX8XNmHno9JuL2+bg2BX5tRkwjyfn6sKbxZTq68suOjgWqCicvPXA==

"@esbuild/freebsd-x64@0.24.0":
  version "0.24.0"
  resolved "https://registry.yarnpkg.com/@esbuild/freebsd-x64/-/freebsd-x64-0.24.0.tgz#e0e2ce9249fdf6ee29e5dc3d420c7007fa579b93"
  integrity sha512-D3H+xh3/zphoX8ck4S2RxKR6gHlHDXXzOf6f/9dbFt/NRBDIE33+cVa49Kil4WUjxMGW0ZIYBYtaGCa2+OsQwQ==

"@esbuild/linux-arm64@0.24.0":
  version "0.24.0"
  resolved "https://registry.yarnpkg.com/@esbuild/linux-arm64/-/linux-arm64-0.24.0.tgz#d1b2aa58085f73ecf45533c07c82d81235388e75"
  integrity sha512-TDijPXTOeE3eaMkRYpcy3LarIg13dS9wWHRdwYRnzlwlA370rNdZqbcp0WTyyV/k2zSxfko52+C7jU5F9Tfj1g==

"@esbuild/linux-arm@0.24.0":
  version "0.24.0"
  resolved "https://registry.yarnpkg.com/@esbuild/linux-arm/-/linux-arm-0.24.0.tgz#8e4915df8ea3e12b690a057e77a47b1d5935ef6d"
  integrity sha512-gJKIi2IjRo5G6Glxb8d3DzYXlxdEj2NlkixPsqePSZMhLudqPhtZ4BUrpIuTjJYXxvF9njql+vRjB2oaC9XpBw==

"@esbuild/linux-ia32@0.24.0":
  version "0.24.0"
  resolved "https://registry.yarnpkg.com/@esbuild/linux-ia32/-/linux-ia32-0.24.0.tgz#8200b1110666c39ab316572324b7af63d82013fb"
  integrity sha512-K40ip1LAcA0byL05TbCQ4yJ4swvnbzHscRmUilrmP9Am7//0UjPreh4lpYzvThT2Quw66MhjG//20mrufm40mA==

"@esbuild/linux-loong64@0.24.0":
  version "0.24.0"
  resolved "https://registry.yarnpkg.com/@esbuild/linux-loong64/-/linux-loong64-0.24.0.tgz#6ff0c99cf647504df321d0640f0d32e557da745c"
  integrity sha512-0mswrYP/9ai+CU0BzBfPMZ8RVm3RGAN/lmOMgW4aFUSOQBjA31UP8Mr6DDhWSuMwj7jaWOT0p0WoZ6jeHhrD7g==

"@esbuild/linux-mips64el@0.24.0":
  version "0.24.0"
  resolved "https://registry.yarnpkg.com/@esbuild/linux-mips64el/-/linux-mips64el-0.24.0.tgz#3f720ccd4d59bfeb4c2ce276a46b77ad380fa1f3"
  integrity sha512-hIKvXm0/3w/5+RDtCJeXqMZGkI2s4oMUGj3/jM0QzhgIASWrGO5/RlzAzm5nNh/awHE0A19h/CvHQe6FaBNrRA==

"@esbuild/linux-ppc64@0.24.0":
  version "0.24.0"
  resolved "https://registry.yarnpkg.com/@esbuild/linux-ppc64/-/linux-ppc64-0.24.0.tgz#9d6b188b15c25afd2e213474bf5f31e42e3aa09e"
  integrity sha512-HcZh5BNq0aC52UoocJxaKORfFODWXZxtBaaZNuN3PUX3MoDsChsZqopzi5UupRhPHSEHotoiptqikjN/B77mYQ==

"@esbuild/linux-riscv64@0.24.0":
  version "0.24.0"
  resolved "https://registry.yarnpkg.com/@esbuild/linux-riscv64/-/linux-riscv64-0.24.0.tgz#f989fdc9752dfda286c9cd87c46248e4dfecbc25"
  integrity sha512-bEh7dMn/h3QxeR2KTy1DUszQjUrIHPZKyO6aN1X4BCnhfYhuQqedHaa5MxSQA/06j3GpiIlFGSsy1c7Gf9padw==

"@esbuild/linux-s390x@0.24.0":
  version "0.24.0"
  resolved "https://registry.yarnpkg.com/@esbuild/linux-s390x/-/linux-s390x-0.24.0.tgz#29ebf87e4132ea659c1489fce63cd8509d1c7319"
  integrity sha512-ZcQ6+qRkw1UcZGPyrCiHHkmBaj9SiCD8Oqd556HldP+QlpUIe2Wgn3ehQGVoPOvZvtHm8HPx+bH20c9pvbkX3g==

"@esbuild/linux-x64@0.24.0":
  version "0.24.0"
  resolved "https://registry.yarnpkg.com/@esbuild/linux-x64/-/linux-x64-0.24.0.tgz#4af48c5c0479569b1f359ffbce22d15f261c0cef"
  integrity sha512-vbutsFqQ+foy3wSSbmjBXXIJ6PL3scghJoM8zCL142cGaZKAdCZHyf+Bpu/MmX9zT9Q0zFBVKb36Ma5Fzfa8xA==

"@esbuild/netbsd-x64@0.24.0":
  version "0.24.0"
  resolved "https://registry.yarnpkg.com/@esbuild/netbsd-x64/-/netbsd-x64-0.24.0.tgz#1ae73d23cc044a0ebd4f198334416fb26c31366c"
  integrity sha512-hjQ0R/ulkO8fCYFsG0FZoH+pWgTTDreqpqY7UnQntnaKv95uP5iW3+dChxnx7C3trQQU40S+OgWhUVwCjVFLvg==

"@esbuild/openbsd-arm64@0.24.0":
  version "0.24.0"
  resolved "https://registry.yarnpkg.com/@esbuild/openbsd-arm64/-/openbsd-arm64-0.24.0.tgz#5d904a4f5158c89859fd902c427f96d6a9e632e2"
  integrity sha512-MD9uzzkPQbYehwcN583yx3Tu5M8EIoTD+tUgKF982WYL9Pf5rKy9ltgD0eUgs8pvKnmizxjXZyLt0z6DC3rRXg==

"@esbuild/openbsd-x64@0.24.0":
  version "0.24.0"
  resolved "https://registry.yarnpkg.com/@esbuild/openbsd-x64/-/openbsd-x64-0.24.0.tgz#4c8aa88c49187c601bae2971e71c6dc5e0ad1cdf"
  integrity sha512-4ir0aY1NGUhIC1hdoCzr1+5b43mw99uNwVzhIq1OY3QcEwPDO3B7WNXBzaKY5Nsf1+N11i1eOfFcq+D/gOS15Q==

"@esbuild/sunos-x64@0.24.0":
  version "0.24.0"
  resolved "https://registry.yarnpkg.com/@esbuild/sunos-x64/-/sunos-x64-0.24.0.tgz#8ddc35a0ea38575fa44eda30a5ee01ae2fa54dd4"
  integrity sha512-jVzdzsbM5xrotH+W5f1s+JtUy1UWgjU0Cf4wMvffTB8m6wP5/kx0KiaLHlbJO+dMgtxKV8RQ/JvtlFcdZ1zCPA==

"@esbuild/win32-arm64@0.24.0":
  version "0.24.0"
  resolved "https://registry.yarnpkg.com/@esbuild/win32-arm64/-/win32-arm64-0.24.0.tgz#6e79c8543f282c4539db684a207ae0e174a9007b"
  integrity sha512-iKc8GAslzRpBytO2/aN3d2yb2z8XTVfNV0PjGlCxKo5SgWmNXx82I/Q3aG1tFfS+A2igVCY97TJ8tnYwpUWLCA==

"@esbuild/win32-ia32@0.24.0":
  version "0.24.0"
  resolved "https://registry.yarnpkg.com/@esbuild/win32-ia32/-/win32-ia32-0.24.0.tgz#057af345da256b7192d18b676a02e95d0fa39103"
  integrity sha512-vQW36KZolfIudCcTnaTpmLQ24Ha1RjygBo39/aLkM2kmjkWmZGEJ5Gn9l5/7tzXA42QGIoWbICfg6KLLkIw6yw==

"@esbuild/win32-x64@0.24.0":
  version "0.24.0"
  resolved "https://registry.yarnpkg.com/@esbuild/win32-x64/-/win32-x64-0.24.0.tgz#168ab1c7e1c318b922637fad8f339d48b01e1244"
  integrity sha512-7IAFPrjSQIJrGsK6flwg7NFmwBoSTyF3rl7If0hNUFQU4ilTsEPL6GuMuU9BfIWVVGuRnuIidkSMC+c0Otu8IA==

"@rollup/rollup-android-arm-eabi@4.28.1":
  version "4.28.1"
  resolved "https://registry.yarnpkg.com/@rollup/rollup-android-arm-eabi/-/rollup-android-arm-eabi-4.28.1.tgz#7f4c4d8cd5ccab6e95d6750dbe00321c1f30791e"
  integrity sha512-2aZp8AES04KI2dy3Ss6/MDjXbwBzj+i0GqKtWXgw2/Ma6E4jJvujryO6gJAghIRVz7Vwr9Gtl/8na3nDUKpraQ==

"@rollup/rollup-android-arm64@4.28.1":
  version "4.28.1"
  resolved "https://registry.yarnpkg.com/@rollup/rollup-android-arm64/-/rollup-android-arm64-4.28.1.tgz#17ea71695fb1518c2c324badbe431a0bd1879f2d"
  integrity sha512-EbkK285O+1YMrg57xVA+Dp0tDBRB93/BZKph9XhMjezf6F4TpYjaUSuPt5J0fZXlSag0LmZAsTmdGGqPp4pQFA==

"@rollup/rollup-darwin-arm64@4.28.1":
  version "4.28.1"
  resolved "https://registry.yarnpkg.com/@rollup/rollup-darwin-arm64/-/rollup-darwin-arm64-4.28.1.tgz#dac0f0d0cfa73e7d5225ae6d303c13c8979e7999"
  integrity sha512-prduvrMKU6NzMq6nxzQw445zXgaDBbMQvmKSJaxpaZ5R1QDM8w+eGxo6Y/jhT/cLoCvnZI42oEqf9KQNYz1fqQ==

"@rollup/rollup-darwin-x64@4.28.1":
  version "4.28.1"
  resolved "https://registry.yarnpkg.com/@rollup/rollup-darwin-x64/-/rollup-darwin-x64-4.28.1.tgz#8f63baa1d31784904a380d2e293fa1ddf53dd4a2"
  integrity sha512-WsvbOunsUk0wccO/TV4o7IKgloJ942hVFK1CLatwv6TJspcCZb9umQkPdvB7FihmdxgaKR5JyxDjWpCOp4uZlQ==

"@rollup/rollup-freebsd-arm64@4.28.1":
  version "4.28.1"
  resolved "https://registry.yarnpkg.com/@rollup/rollup-freebsd-arm64/-/rollup-freebsd-arm64-4.28.1.tgz#30ed247e0df6e8858cdc6ae4090e12dbeb8ce946"
  integrity sha512-HTDPdY1caUcU4qK23FeeGxCdJF64cKkqajU0iBnTVxS8F7H/7BewvYoG+va1KPSL63kQ1PGNyiwKOfReavzvNA==

"@rollup/rollup-freebsd-x64@4.28.1":
  version "4.28.1"
  resolved "https://registry.yarnpkg.com/@rollup/rollup-freebsd-x64/-/rollup-freebsd-x64-4.28.1.tgz#57846f382fddbb508412ae07855b8a04c8f56282"
  integrity sha512-m/uYasxkUevcFTeRSM9TeLyPe2QDuqtjkeoTpP9SW0XxUWfcYrGDMkO/m2tTw+4NMAF9P2fU3Mw4ahNvo7QmsQ==

"@rollup/rollup-linux-arm-gnueabihf@4.28.1":
  version "4.28.1"
  resolved "https://registry.yarnpkg.com/@rollup/rollup-linux-arm-gnueabihf/-/rollup-linux-arm-gnueabihf-4.28.1.tgz#378ca666c9dae5e6f94d1d351e7497c176e9b6df"
  integrity sha512-QAg11ZIt6mcmzpNE6JZBpKfJaKkqTm1A9+y9O+frdZJEuhQxiugM05gnCWiANHj4RmbgeVJpTdmKRmH/a+0QbA==

"@rollup/rollup-linux-arm-musleabihf@4.28.1":
  version "4.28.1"
  resolved "https://registry.yarnpkg.com/@rollup/rollup-linux-arm-musleabihf/-/rollup-linux-arm-musleabihf-4.28.1.tgz#a692eff3bab330d5c33a5d5813a090c15374cddb"
  integrity sha512-dRP9PEBfolq1dmMcFqbEPSd9VlRuVWEGSmbxVEfiq2cs2jlZAl0YNxFzAQS2OrQmsLBLAATDMb3Z6MFv5vOcXg==

"@rollup/rollup-linux-arm64-gnu@4.28.1":
  version "4.28.1"
  resolved "https://registry.yarnpkg.com/@rollup/rollup-linux-arm64-gnu/-/rollup-linux-arm64-gnu-4.28.1.tgz#6b1719b76088da5ac1ae1feccf48c5926b9e3db9"
  integrity sha512-uGr8khxO+CKT4XU8ZUH1TTEUtlktK6Kgtv0+6bIFSeiSlnGJHG1tSFSjm41uQ9sAO/5ULx9mWOz70jYLyv1QkA==

"@rollup/rollup-linux-arm64-musl@4.28.1":
  version "4.28.1"
  resolved "https://registry.yarnpkg.com/@rollup/rollup-linux-arm64-musl/-/rollup-linux-arm64-musl-4.28.1.tgz#865baf5b6f5ff67acb32e5a359508828e8dc5788"
  integrity sha512-QF54q8MYGAqMLrX2t7tNpi01nvq5RI59UBNx+3+37zoKX5KViPo/gk2QLhsuqok05sSCRluj0D00LzCwBikb0A==

"@rollup/rollup-linux-loongarch64-gnu@4.28.1":
  version "4.28.1"
  resolved "https://registry.yarnpkg.com/@rollup/rollup-linux-loongarch64-gnu/-/rollup-linux-loongarch64-gnu-4.28.1.tgz#23c6609ba0f7fa7a7f2038b6b6a08555a5055a87"
  integrity sha512-vPul4uodvWvLhRco2w0GcyZcdyBfpfDRgNKU+p35AWEbJ/HPs1tOUrkSueVbBS0RQHAf/A+nNtDpvw95PeVKOA==

"@rollup/rollup-linux-powerpc64le-gnu@4.28.1":
  version "4.28.1"
  resolved "https://registry.yarnpkg.com/@rollup/rollup-linux-powerpc64le-gnu/-/rollup-linux-powerpc64le-gnu-4.28.1.tgz#652ef0d9334a9f25b9daf85731242801cb0fc41c"
  integrity sha512-pTnTdBuC2+pt1Rmm2SV7JWRqzhYpEILML4PKODqLz+C7Ou2apEV52h19CR7es+u04KlqplggmN9sqZlekg3R1A==

"@rollup/rollup-linux-riscv64-gnu@4.28.1":
  version "4.28.1"
  resolved "https://registry.yarnpkg.com/@rollup/rollup-linux-riscv64-gnu/-/rollup-linux-riscv64-gnu-4.28.1.tgz#1eb6651839ee6ebca64d6cc64febbd299e95e6bd"
  integrity sha512-vWXy1Nfg7TPBSuAncfInmAI/WZDd5vOklyLJDdIRKABcZWojNDY0NJwruY2AcnCLnRJKSaBgf/GiJfauu8cQZA==

"@rollup/rollup-linux-s390x-gnu@4.28.1":
  version "4.28.1"
  resolved "https://registry.yarnpkg.com/@rollup/rollup-linux-s390x-gnu/-/rollup-linux-s390x-gnu-4.28.1.tgz#015c52293afb3ff2a293cf0936b1d43975c1e9cd"
  integrity sha512-/yqC2Y53oZjb0yz8PVuGOQQNOTwxcizudunl/tFs1aLvObTclTwZ0JhXF2XcPT/zuaymemCDSuuUPXJJyqeDOg==

"@rollup/rollup-linux-x64-gnu@4.28.1":
  version "4.28.1"
  resolved "https://registry.yarnpkg.com/@rollup/rollup-linux-x64-gnu/-/rollup-linux-x64-gnu-4.28.1.tgz#b83001b5abed2bcb5e2dbeec6a7e69b194235c1e"
  integrity sha512-fzgeABz7rrAlKYB0y2kSEiURrI0691CSL0+KXwKwhxvj92VULEDQLpBYLHpF49MSiPG4sq5CK3qHMnb9tlCjBw==

"@rollup/rollup-linux-x64-musl@4.28.1":
  version "4.28.1"
  resolved "https://registry.yarnpkg.com/@rollup/rollup-linux-x64-musl/-/rollup-linux-x64-musl-4.28.1.tgz#6cc7c84cd4563737f8593e66f33b57d8e228805b"
  integrity sha512-xQTDVzSGiMlSshpJCtudbWyRfLaNiVPXt1WgdWTwWz9n0U12cI2ZVtWe/Jgwyv/6wjL7b66uu61Vg0POWVfz4g==

"@rollup/rollup-win32-arm64-msvc@4.28.1":
  version "4.28.1"
  resolved "https://registry.yarnpkg.com/@rollup/rollup-win32-arm64-msvc/-/rollup-win32-arm64-msvc-4.28.1.tgz#631ffeee094d71279fcd1fe8072bdcf25311bc11"
  integrity sha512-wSXmDRVupJstFP7elGMgv+2HqXelQhuNf+IS4V+nUpNVi/GUiBgDmfwD0UGN3pcAnWsgKG3I52wMOBnk1VHr/A==

"@rollup/rollup-win32-ia32-msvc@4.28.1":
  version "4.28.1"
  resolved "https://registry.yarnpkg.com/@rollup/rollup-win32-ia32-msvc/-/rollup-win32-ia32-msvc-4.28.1.tgz#06d1d60d5b9f718e8a6c4a43f82e3f9e3254587f"
  integrity sha512-ZkyTJ/9vkgrE/Rk9vhMXhf8l9D+eAhbAVbsGsXKy2ohmJaWg0LPQLnIxRdRp/bKyr8tXuPlXhIoGlEB5XpJnGA==

"@rollup/rollup-win32-x64-msvc@4.28.1":
  version "4.28.1"
  resolved "https://registry.yarnpkg.com/@rollup/rollup-win32-x64-msvc/-/rollup-win32-x64-msvc-4.28.1.tgz#4dff5c4259ebe6c5b4a8f2c5bc3829b7a8447ff0"
  integrity sha512-ZvK2jBafvttJjoIdKm/Q/Bh7IJ1Ose9IBOwpOXcOvW3ikGTQGmKDgxTC6oCAzW6PynbkKP8+um1du81XJHZ0JA==

"@tonaljs/abc-notation@4.9.0":
  version "4.9.0"
  resolved "https://registry.yarnpkg.com/@tonaljs/abc-notation/-/abc-notation-4.9.0.tgz#f9066f48153eb2bb48693a902d6c9e20d386bc1b"
  integrity sha512-G52FHXNcIbZldoY1LlkXshD5nZqh/VylLCxPlXkx3Fikbn2UZqQ1uK+me8PjJltCCKmNI7M+DkHdh5oBK5CzVw==
  dependencies:
    "@tonaljs/pitch-distance" "5.0.4"
    "@tonaljs/pitch-note" "6.0.0"

"@tonaljs/array@4.8.3":
  version "4.8.3"
  resolved "https://registry.yarnpkg.com/@tonaljs/array/-/array-4.8.3.tgz#36c7ec6727fbae211a8c8c0a4c54965ebd6a98c9"
  integrity sha512-TeX5vqk61EhlRAIo70d0hKt3a0FEcROsu9ETtTclXl+qaQ1QtEEs0M+B46IZ+sQo5T3s8vtz5z1yCiK26HPr5A==
  dependencies:
    "@tonaljs/pitch-note" "6.0.0"

"@tonaljs/chord-detect@4.9.0":
  version "4.9.0"
  resolved "https://registry.yarnpkg.com/@tonaljs/chord-detect/-/chord-detect-4.9.0.tgz#7a681826d382407af9949bf84a3186c59b1fc95d"
  integrity sha512-ixlPHjntvcGbcHbIsTNEO8KKSDd2vM8IXVvVAbM8ZXldFHCjejCBQ0nyMPDxY3uzepLALFqBwXfkxF/injsTRw==
  dependencies:
    "@tonaljs/chord-type" "5.1.0"
    "@tonaljs/pcset" "4.10.0"
    "@tonaljs/pitch-note" "6.0.0"

"@tonaljs/chord-type@5.1.0":
  version "5.1.0"
  resolved "https://registry.yarnpkg.com/@tonaljs/chord-type/-/chord-type-5.1.0.tgz#69016532af40e3aa09c8561301d3f3792c801848"
  integrity sha512-39/SRnhgvElvWHQH1mkOxkQvDodz7HRkPeIL2rjFV3JL57ve38Ws+y9bjbkKCbD474jF0SQ9V+Xga3d/Mccz5g==
  dependencies:
    "@tonaljs/pcset" "4.10.0"

"@tonaljs/chord@6.1.0":
  version "6.1.0"
  resolved "https://registry.yarnpkg.com/@tonaljs/chord/-/chord-6.1.0.tgz#a64442d4b2adb84dd2fa9c1b4b6dc6d91ea16eb6"
  integrity sha512-Eybaqaox4ukBO3FDQ7x3FLCdq3Gco0YIAFlxtL1fjdlULa1kJL7IVvZND5oVGIBIExI2JLODExyxy054rfZGvw==
  dependencies:
    "@tonaljs/chord-detect" "4.9.0"
    "@tonaljs/chord-type" "5.1.0"
    "@tonaljs/collection" "4.9.0"
    "@tonaljs/interval" "^5.1.0"
    "@tonaljs/pcset" "4.10.0"
    "@tonaljs/pitch-distance" "5.0.4"
    "@tonaljs/pitch-note" "6.0.0"
    "@tonaljs/scale-type" "4.9.0"

"@tonaljs/collection@4.9.0":
  version "4.9.0"
  resolved "https://registry.yarnpkg.com/@tonaljs/collection/-/collection-4.9.0.tgz#149d4847dd8667c62d4f9c1fa1b6cbe59a24948d"
  integrity sha512-Mk0h7O54nT6PgNVcUYauzxa5KOB23+0AOKudWzRH7JhJIN9vhVIC7PtwZXE+/G051UTbHSFIcN/afkgF4nB/8A==

"@tonaljs/core@5.0.1":
  version "5.0.1"
  resolved "https://registry.yarnpkg.com/@tonaljs/core/-/core-5.0.1.tgz#8061565c294b60200a6251865d62a11c846880eb"
  integrity sha512-usFeVQhAl2WvXt2AyjAAs6CRicGgr1PIw94sEGaUIIrp1o1h6tU5329nRjrruEFEVmgv5ztL6vsk/rYJt+vOGA==
  dependencies:
    "@tonaljs/pitch" "5.0.2"
    "@tonaljs/pitch-distance" "5.0.4"
    "@tonaljs/pitch-interval" "6.0.0"
    "@tonaljs/pitch-note" "6.0.0"

"@tonaljs/duration-value@4.9.0":
  version "4.9.0"
  resolved "https://registry.yarnpkg.com/@tonaljs/duration-value/-/duration-value-4.9.0.tgz#47a015932bf679adbb053099206a0b410b46a07f"
  integrity sha512-Muz54HyIe0nMYKWx6wyTa4y17ma29DtpJF4/oqJphy6A124rAVDe/SKit8JGOvDYAQj71FUXqs17sXBxO/ExVw==

"@tonaljs/interval@5.1.0", "@tonaljs/interval@^5.1.0":
  version "5.1.0"
  resolved "https://registry.yarnpkg.com/@tonaljs/interval/-/interval-5.1.0.tgz#3f70222f02a7ddfa31db6a133f616a2defb82680"
  integrity sha512-GR9dUjn0j7yhjwjRh8HQxZYXOiVl05WfY3AFyMB9rfg807K4dSJmWfPTULPQXyHJ6NiZOPXcwRs8MxMLDxgdbg==
  dependencies:
    "@tonaljs/pitch" "^5.0.2"
    "@tonaljs/pitch-distance" "^5.0.4"
    "@tonaljs/pitch-interval" "^6.0.0"

"@tonaljs/key@4.11.0":
  version "4.11.0"
  resolved "https://registry.yarnpkg.com/@tonaljs/key/-/key-4.11.0.tgz#599fe9c6150868dc40f976058acdddb18bb397ec"
  integrity sha512-ZnuKdoiUMwgG2FDM1/OnXsqASSR6J1fpyZpX0ZNwMtlpEIPhvOkLqzrCH1DOIyxWQ1iqcoK6DZNPCxzWiowdIA==
  dependencies:
    "@tonaljs/note" "4.11.0"
    "@tonaljs/pitch-note" "6.0.0"
    "@tonaljs/roman-numeral" "4.9.0"

"@tonaljs/midi@4.10.0":
  version "4.10.0"
  resolved "https://registry.yarnpkg.com/@tonaljs/midi/-/midi-4.10.0.tgz#0916bbb1f194d38dc8d1169b2101f0e5b198f805"
  integrity sha512-LjwEzcBwJSNMLD+qDwVBWvkmIOAs59TPdlTQlooP3S1Au0jy7T+bZeIbBKtLEcDG14S2zyYZEZ1Mo+cxcumMmg==
  dependencies:
    "@tonaljs/pitch-note" "6.0.0"

"@tonaljs/mode@4.9.0":
  version "4.9.0"
  resolved "https://registry.yarnpkg.com/@tonaljs/mode/-/mode-4.9.0.tgz#a782e5f48d887da2b61028e652c73c9979ba4d83"
  integrity sha512-e1MtDfEMZPcWOuaKW2wbgisAmeptTZq1UDm4RU03inqgggnpsiaJC/NI9sbmTdO4XtAL/JGPgSxm4uB5KWxx8w==
  dependencies:
    "@tonaljs/collection" "4.9.0"
    "@tonaljs/interval" "5.1.0"
    "@tonaljs/pcset" "4.10.0"
    "@tonaljs/pitch-distance" "5.0.4"
    "@tonaljs/pitch-note" "6.0.0"
    "@tonaljs/scale-type" "4.9.0"

"@tonaljs/note@4.11.0":
  version "4.11.0"
  resolved "https://registry.yarnpkg.com/@tonaljs/note/-/note-4.11.0.tgz#e25c26b3a1469cd2fc5af0f88d29c587e9141b05"
  integrity sha512-KJjtMaJ4Bc0wquFlKFDHk6RBrzHwHPgSvklqWSmhgxbklqQt+70wPn5RVwcJqNc5qnmZce+uvATwl+QVBXMCLQ==
  dependencies:
    "@tonaljs/midi" "4.10.0"
    "@tonaljs/pitch" "5.0.2"
    "@tonaljs/pitch-distance" "5.0.4"
    "@tonaljs/pitch-interval" "6.0.0"
    "@tonaljs/pitch-note" "6.0.0"

"@tonaljs/pcset@4.10.0":
  version "4.10.0"
  resolved "https://registry.yarnpkg.com/@tonaljs/pcset/-/pcset-4.10.0.tgz#7e20b2e225f800fd44088c59c37330a29501d136"
  integrity sha512-kGiGDpN/fhJGJoILnNJIQqt2vpk8EkcXFtRvs3PaDfaMphtQ7Hd03d2zIhcEEShbCtaXUSeSwbCepwoGqt4WRw==
  dependencies:
    "@tonaljs/collection" "4.9.0"
    "@tonaljs/pitch" "5.0.2"
    "@tonaljs/pitch-distance" "5.0.4"
    "@tonaljs/pitch-interval" "6.0.0"
    "@tonaljs/pitch-note" "6.0.0"

"@tonaljs/pitch-distance@5.0.4", "@tonaljs/pitch-distance@^5.0.4":
  version "5.0.4"
  resolved "https://registry.yarnpkg.com/@tonaljs/pitch-distance/-/pitch-distance-5.0.4.tgz#163c593b837a5dd132095484df97d221035dc0d5"
  integrity sha512-c/Q/QpU0pE5QMxhf7VfP4p7C+gf5YfGt5mkwgMyQgpGNFSwQrKPPWSrWzArrFjJzejabUlDMREQyRU+Wj50iOQ==
  dependencies:
    "@tonaljs/pitch" "5.0.2"
    "@tonaljs/pitch-interval" "6.0.0"
    "@tonaljs/pitch-note" "6.0.0"

"@tonaljs/pitch-interval@6.0.0", "@tonaljs/pitch-interval@^6.0.0":
  version "6.0.0"
  resolved "https://registry.yarnpkg.com/@tonaljs/pitch-interval/-/pitch-interval-6.0.0.tgz#0a4fb94d9bbb8094fad58fa772620e4e92c3f12a"
  integrity sha512-0iaFWbgshYWjfmdxzF8jNmTqsNK2krwn+FqDRZb8vEsfaSNC8Jek0f5wYcE2to+7f0P5jJlJnj8CUGvlfKIT5A==
  dependencies:
    "@tonaljs/pitch" "5.0.2"

"@tonaljs/pitch-note@6.0.0":
  version "6.0.0"
  resolved "https://registry.yarnpkg.com/@tonaljs/pitch-note/-/pitch-note-6.0.0.tgz#dc12c753042fd62d717a61647417b456481da5ff"
  integrity sha512-m4Ei7zwSsKwotVfnodA7m1SR7zD5NNIea+V7Mo35EcK32ZJBg+SvxdwgfNNdLO8bkDbVrZIgVYqeP3R3Jq7VFQ==
  dependencies:
    "@tonaljs/pitch" "5.0.2"

"@tonaljs/pitch@5.0.2", "@tonaljs/pitch@^5.0.2":
  version "5.0.2"
  resolved "https://registry.yarnpkg.com/@tonaljs/pitch/-/pitch-5.0.2.tgz#ca2dcd60b99e90536f52293d2491187edfbc9967"
  integrity sha512-mxaXJPPe+LIJdjzpZEl8I8Wx3dEvlzkBbsr2Ltwc2dTAdnErAZ5R0TxVq2egF27lMvQN2QPQPWI9iDPPdVUmrg==

"@tonaljs/progression@4.9.0":
  version "4.9.0"
  resolved "https://registry.yarnpkg.com/@tonaljs/progression/-/progression-4.9.0.tgz#8f6e4b43c81fd7d5df8e5634dbbc849ab9a8bf9e"
  integrity sha512-Pe9gp9o4af7uN7sSbA588ImVn9A31mjCD1t2gjHYEDve+q+S33juBurUkdwiJBI3mPWMPPCtSxucZI/nrAiYDA==
  dependencies:
    "@tonaljs/chord" "6.1.0"
    "@tonaljs/pitch-distance" "5.0.4"
    "@tonaljs/pitch-interval" "6.0.0"
    "@tonaljs/pitch-note" "6.0.0"
    "@tonaljs/roman-numeral" "4.9.0"

"@tonaljs/range@4.9.0":
  version "4.9.0"
  resolved "https://registry.yarnpkg.com/@tonaljs/range/-/range-4.9.0.tgz#d17e20c7901cf5dec7d69943be3cf892062b70d0"
  integrity sha512-ir8MN6F89lmoNjfdTbr0evZUjFQp6cAxMzFckf1KBKnjvVulinRWAW//VHgZ7EdNGkLKDCfdT/F5GKEGlj6KnQ==
  dependencies:
    "@tonaljs/collection" "4.9.0"
    "@tonaljs/midi" "4.10.0"

"@tonaljs/rhythm-pattern@1.0.0":
  version "1.0.0"
  resolved "https://registry.yarnpkg.com/@tonaljs/rhythm-pattern/-/rhythm-pattern-1.0.0.tgz#75aa2a20b4b09459abae2a41ade39905fb43534f"
  integrity sha512-3hp4Yw49e6BTWApRNb7arJ6HiICsHRFZYijuPE+vR93lIo9+lxcOMh0OPc4DyupTN7cvFTSB70Z7B/IeEJxhCQ==

"@tonaljs/roman-numeral@4.9.0":
  version "4.9.0"
  resolved "https://registry.yarnpkg.com/@tonaljs/roman-numeral/-/roman-numeral-4.9.0.tgz#ffca2bb901d764bbfade10b2f6ab65ba8ff20b02"
  integrity sha512-kegMCXUcLpdSSTI7YoU49kWv5DwVAkpyZAz6svYKtP1Vdjt4+q8c5hjSupM8QH4chQBNElRzqhZRgx90sMc/fw==
  dependencies:
    "@tonaljs/pitch" "5.0.2"
    "@tonaljs/pitch-interval" "6.0.0"
    "@tonaljs/pitch-note" "6.0.0"

"@tonaljs/scale-type@4.9.0":
  version "4.9.0"
  resolved "https://registry.yarnpkg.com/@tonaljs/scale-type/-/scale-type-4.9.0.tgz#7fa9f919f9706284c658ceef22f98baaaaa33623"
  integrity sha512-8kp71+gLAgKkLKd78SrLbP9eUdt1xKY/1uchgG7vyL4itMixMo/3l+WRKcvb0+gX2+AM2/E+xeCjxrRU5jaVpw==
  dependencies:
    "@tonaljs/pcset" "4.10.0"

"@tonaljs/scale@4.13.0":
  version "4.13.0"
  resolved "https://registry.yarnpkg.com/@tonaljs/scale/-/scale-4.13.0.tgz#1c6cd96e1fc5e9b557b840adb5e34c1ece2794b9"
  integrity sha512-eCOoJlnjW542hCeW7yN61TEZkm7HTbBqdrug3Qx61o62tlwSwJF/nY00XgaTxWFpJFb9HEqAKuD7EUleqBnTYw==
  dependencies:
    "@tonaljs/chord-type" "5.1.0"
    "@tonaljs/collection" "4.9.0"
    "@tonaljs/note" "4.11.0"
    "@tonaljs/pcset" "4.10.0"
    "@tonaljs/pitch-distance" "5.0.4"
    "@tonaljs/pitch-note" "6.0.0"
    "@tonaljs/scale-type" "4.9.0"

"@tonaljs/time-signature@4.9.0":
  version "4.9.0"
  resolved "https://registry.yarnpkg.com/@tonaljs/time-signature/-/time-signature-4.9.0.tgz#15a898daa682353bb28e1dfc58a97844e7f50e00"
  integrity sha512-zRo8CBqg/2guzTlF2vxyVIuB5gmwWQaxlknJPUSDII8CTdQ/x3a1LlNoMKkvTUnqwCihe3WrNPZ5XUfOOTthYA==

"@tonaljs/voice-leading@5.1.0":
  version "5.1.0"
  resolved "https://registry.yarnpkg.com/@tonaljs/voice-leading/-/voice-leading-5.1.0.tgz#3397312aaf76f82d88a9e484cb9d2bde9250508a"
  integrity sha512-DKN0cRlnAV0xjpt2SltUPDP350zqkl1y7q3alAZzAs4yAnSM8Jb7b3UPljzDRQ3qo/ZAK8Za9VF77A/hw12Erg==
  dependencies:
    "@tonaljs/note" "4.11.0"

"@tonaljs/voicing-dictionary@5.1.0":
  version "5.1.0"
  resolved "https://registry.yarnpkg.com/@tonaljs/voicing-dictionary/-/voicing-dictionary-5.1.0.tgz#329f673dcfd52d413aecd668d8ddd9f8e5b5c4d6"
  integrity sha512-3DimGhJPrJQx89tsv2u1Mn24egVQrSo2C3mUHug2I8QjVx9vUqls4LdWmudeeFTJYubt+QuQjHLt0YCFQ4B+gA==
  dependencies:
    "@tonaljs/chord" "6.1.0"
    "@tonaljs/note" "4.11.0"
    "@tonaljs/voice-leading" "5.1.0"

"@tonaljs/voicing@5.1.0":
  version "5.1.0"
  resolved "https://registry.yarnpkg.com/@tonaljs/voicing/-/voicing-5.1.0.tgz#4c4efcb74f88aa5150961a71e112a80f0a083009"
  integrity sha512-AU45W1PmY6jm+HLdFXDmyrPNTewgK/cOM4OUKZ7CzKGvBkk278yZIXII90/BnvoTIjnAQ7WFz8uodXS8DsWxKw==
  dependencies:
    "@tonaljs/chord" "6.1.0"
    "@tonaljs/interval" "5.1.0"
    "@tonaljs/note" "4.11.0"
    "@tonaljs/range" "4.9.0"
    "@tonaljs/voice-leading" "5.1.0"
    "@tonaljs/voicing-dictionary" "5.1.0"

"@types/estree@1.0.6":
  version "1.0.6"
  resolved "https://registry.yarnpkg.com/@types/estree/-/estree-1.0.6.tgz#628effeeae2064a1b4e79f78e81d87b7e5fc7b50"
  integrity sha512-AYnb1nQyY49te+VRAVgmzfcgjYS91mY5P0TKUDCLEM+gNnA+3T6rWITXRLYCpahpqSQbN5cE+gHpnPyXjHWxcw==

esbuild@^0.24.0:
  version "0.24.0"
  resolved "https://registry.yarnpkg.com/esbuild/-/esbuild-0.24.0.tgz#f2d470596885fcb2e91c21eb3da3b3c89c0b55e7"
  integrity sha512-FuLPevChGDshgSicjisSooU0cemp/sGXR841D5LHMB7mTVOmsEHcAxaH3irL53+8YDIeVNQEySh4DaYU/iuPqQ==
  optionalDependencies:
    "@esbuild/aix-ppc64" "0.24.0"
    "@esbuild/android-arm" "0.24.0"
    "@esbuild/android-arm64" "0.24.0"
    "@esbuild/android-x64" "0.24.0"
    "@esbuild/darwin-arm64" "0.24.0"
    "@esbuild/darwin-x64" "0.24.0"
    "@esbuild/freebsd-arm64" "0.24.0"
    "@esbuild/freebsd-x64" "0.24.0"
    "@esbuild/linux-arm" "0.24.0"
    "@esbuild/linux-arm64" "0.24.0"
    "@esbuild/linux-ia32" "0.24.0"
    "@esbuild/linux-loong64" "0.24.0"
    "@esbuild/linux-mips64el" "0.24.0"
    "@esbuild/linux-ppc64" "0.24.0"
    "@esbuild/linux-riscv64" "0.24.0"
    "@esbuild/linux-s390x" "0.24.0"
    "@esbuild/linux-x64" "0.24.0"
    "@esbuild/netbsd-x64" "0.24.0"
    "@esbuild/openbsd-arm64" "0.24.0"
    "@esbuild/openbsd-x64" "0.24.0"
    "@esbuild/sunos-x64" "0.24.0"
    "@esbuild/win32-arm64" "0.24.0"
    "@esbuild/win32-ia32" "0.24.0"
    "@esbuild/win32-x64" "0.24.0"

fsevents@~2.3.2, fsevents@~2.3.3:
  version "2.3.3"
  resolved "https://registry.yarnpkg.com/fsevents/-/fsevents-2.3.3.tgz#cac6407785d03675a2a5e1a5305c697b347d90d6"
  integrity sha512-5xoDfX+fL7faATnagmWPpbFtwh/R77WmMMqqHGS65C3vvB0YHrgF+B1YmZ3441tMj5n63k0212XNoJwzlhffQw==

nanoid@^3.3.7:
  version "3.3.8"
  resolved "https://registry.yarnpkg.com/nanoid/-/nanoid-3.3.8.tgz#b1be3030bee36aaff18bacb375e5cce521684baf"
  integrity sha512-WNLf5Sd8oZxOm+TzppcYk8gVOgP+l58xNy58D0nbUnOxOWRWvlcCV4kUF7ltmI6PsrLl/BgKEyS4mqsGChFN0w==

picocolors@^1.1.1:
  version "1.1.1"
  resolved "https://registry.yarnpkg.com/picocolors/-/picocolors-1.1.1.tgz#3d321af3eab939b083c8f929a1d12cda81c26b6b"
  integrity sha512-xceH2snhtb5M9liqDsmEw56le376mTZkEX/jEb/RxNFyegNul7eNslCXP9FDj/Lcu0X8KEyMceP2ntpaHrDEVA==

postcss@^8.4.49:
  version "8.4.49"
  resolved "https://registry.yarnpkg.com/postcss/-/postcss-8.4.49.tgz#4ea479048ab059ab3ae61d082190fabfd994fe19"
  integrity sha512-OCVPnIObs4N29kxTjzLfUryOkvZEq+pf8jTF0lg8E7uETuWHA+v7j3c/xJmiqpX450191LlmZfUKkXxkTry7nA==
  dependencies:
    nanoid "^3.3.7"
    picocolors "^1.1.1"
    source-map-js "^1.2.1"

rollup@^4.23.0:
  version "4.28.1"
  resolved "https://registry.yarnpkg.com/rollup/-/rollup-4.28.1.tgz#7718ba34d62b449dfc49adbfd2f312b4fe0df4de"
  integrity sha512-61fXYl/qNVinKmGSTHAZ6Yy8I3YIJC/r2m9feHo6SwVAVcLT5MPwOUFe7EuURA/4m0NR8lXG4BBXuo/IZEsjMg==
  dependencies:
    "@types/estree" "1.0.6"
  optionalDependencies:
    "@rollup/rollup-android-arm-eabi" "4.28.1"
    "@rollup/rollup-android-arm64" "4.28.1"
    "@rollup/rollup-darwin-arm64" "4.28.1"
    "@rollup/rollup-darwin-x64" "4.28.1"
    "@rollup/rollup-freebsd-arm64" "4.28.1"
    "@rollup/rollup-freebsd-x64" "4.28.1"
    "@rollup/rollup-linux-arm-gnueabihf" "4.28.1"
    "@rollup/rollup-linux-arm-musleabihf" "4.28.1"
    "@rollup/rollup-linux-arm64-gnu" "4.28.1"
    "@rollup/rollup-linux-arm64-musl" "4.28.1"
    "@rollup/rollup-linux-loongarch64-gnu" "4.28.1"
    "@rollup/rollup-linux-powerpc64le-gnu" "4.28.1"
    "@rollup/rollup-linux-riscv64-gnu" "4.28.1"
    "@rollup/rollup-linux-s390x-gnu" "4.28.1"
    "@rollup/rollup-linux-x64-gnu" "4.28.1"
    "@rollup/rollup-linux-x64-musl" "4.28.1"
    "@rollup/rollup-win32-arm64-msvc" "4.28.1"
    "@rollup/rollup-win32-ia32-msvc" "4.28.1"
    "@rollup/rollup-win32-x64-msvc" "4.28.1"
    fsevents "~2.3.2"

source-map-js@^1.2.1:
  version "1.2.1"
  resolved "https://registry.yarnpkg.com/source-map-js/-/source-map-js-1.2.1.tgz#1ce5650fddd87abc099eda37dcff024c2667ae46"
  integrity sha512-UXWMKhLOwVKb728IUtQPXxfYU+usdybtUrK/8uGE8CQMvrhOpwvzDBwj0QhSL7MQc7vIsISBG8VQ8+IDQxpfQA==

tonal@^6.3.0:
  version "6.3.0"
  resolved "https://registry.yarnpkg.com/tonal/-/tonal-6.3.0.tgz#c436a26a3bf0934a0b1a35ff6d6df63ad5bee2d9"
  integrity sha512-wLxWn5xgQ/IAeI8PaoTPevIPFYei6IdQbPFCEW0TsZX3JuG2ILKnl3Ex0ZS+eL9jpas9cKb1mSJ1JgAqJnX4VA==
  dependencies:
    "@tonaljs/abc-notation" "4.9.0"
    "@tonaljs/array" "4.8.3"
    "@tonaljs/chord" "6.1.0"
    "@tonaljs/chord-type" "5.1.0"
    "@tonaljs/collection" "4.9.0"
    "@tonaljs/core" "5.0.1"
    "@tonaljs/duration-value" "4.9.0"
    "@tonaljs/interval" "5.1.0"
    "@tonaljs/key" "4.11.0"
    "@tonaljs/midi" "4.10.0"
    "@tonaljs/mode" "4.9.0"
    "@tonaljs/note" "4.11.0"
    "@tonaljs/pcset" "4.10.0"
    "@tonaljs/progression" "4.9.0"
    "@tonaljs/range" "4.9.0"
    "@tonaljs/rhythm-pattern" "1.0.0"
    "@tonaljs/roman-numeral" "4.9.0"
    "@tonaljs/scale" "4.13.0"
    "@tonaljs/scale-type" "4.9.0"
    "@tonaljs/time-signature" "4.9.0"
    "@tonaljs/voice-leading" "5.1.0"
    "@tonaljs/voicing" "5.1.0"
    "@tonaljs/voicing-dictionary" "5.1.0"

typescript@~5.6.2:
  version "5.6.3"
  resolved "https://registry.yarnpkg.com/typescript/-/typescript-5.6.3.tgz#5f3449e31c9d94febb17de03cc081dd56d81db5b"
  integrity sha512-hjcS1mhfuyi4WW8IWtjP7brDrG2cuDZukyrYrSauoXGNgx0S7zceP07adYkJycEr56BOUTNPzbInooiN3fn1qw==

vite@^6.0.1:
  version "6.0.3"
  resolved "https://registry.yarnpkg.com/vite/-/vite-6.0.3.tgz#cc01f403e326a9fc1e064235df8a6de084c8a491"
  integrity sha512-Cmuo5P0ENTN6HxLSo6IHsjCLn/81Vgrp81oaiFFMRa8gGDj5xEjIcEpf2ZymZtZR8oU0P2JX5WuUp/rlXcHkAw==
  dependencies:
    esbuild "^0.24.0"
    postcss "^8.4.49"
    rollup "^4.23.0"
  optionalDependencies:
    fsevents "~2.3.3"

wavesurfer.js@^7.8.10:
  version "7.8.10"
  resolved "https://registry.yarnpkg.com/wavesurfer.js/-/wavesurfer.js-7.8.10.tgz#3b952464c71074331d41f6b0e35d4e2686807c89"
  integrity sha512-fQtMENm5uPvB7GGZtWj61W82IighH2Jx6nbW6ciL1uITU6Ea9i3rvp+Z2CTJaau5dMwAD6pCALkNvTkIXIIeYw==
